// !$*UTF8*$!
{
	archiveVersion = 1;
	classes = {
	};
	objectVersion = 46;
	objects = {

/* Begin PBXBuildFile section */
		7A38ECF41EDE3D430084ADEA /* AppDelegate.swift in Sources */ = {isa = PBXBuildFile; fileRef = 7A38ECF31EDE3D430084ADEA /* AppDelegate.swift */; };
		7A38ECF61EDE3D430084ADEA /* ViewController.swift in Sources */ = {isa = PBXBuildFile; fileRef = 7A38ECF51EDE3D430084ADEA /* ViewController.swift */; };
		7A38ECF91EDE3D430084ADEA /* Main.storyboard in Resources */ = {isa = PBXBuildFile; fileRef = 7A38ECF71EDE3D430084ADEA /* Main.storyboard */; };
		7A38ECFB1EDE3D430084ADEA /* Assets.xcassets in Resources */ = {isa = PBXBuildFile; fileRef = 7A38ECFA1EDE3D430084ADEA /* Assets.xcassets */; };
		7A38ECFE1EDE3D430084ADEA /* LaunchScreen.storyboard in Resources */ = {isa = PBXBuildFile; fileRef = 7A38ECFC1EDE3D430084ADEA /* LaunchScreen.storyboard */; };
/* End PBXBuildFile section */

/* Begin PBXFileReference section */
		7A38ECF01EDE3D430084ADEA /* sampleMaruBatsuQuiz.app */ = {isa = PBXFileReference; explicitFileType = wrapper.application; includeInIndex = 0; path = sampleMaruBatsuQuiz.app; sourceTree = BUILT_PRODUCTS_DIR; };
		7A38ECF31EDE3D430084ADEA /* AppDelegate.swift */ = {isa = PBXFileReference; lastKnownFileType = sourcecode.swift; path = AppDelegate.swift; sourceTree = "<group>"; };
		7A38ECF51EDE3D430084ADEA /* ViewController.swift */ = {isa = PBXFileReference; lastKnownFileType = sourcecode.swift; path = ViewController.swift; sourceTree = "<group>"; };
		7A38ECF81EDE3D430084ADEA /* Base */ = {isa = PBXFileReference; lastKnownFileType = file.storyboard; name = Base; path = Base.lproj/Main.storyboard; sourceTree = "<group>"; };
		7A38ECFA1EDE3D430084ADEA /* Assets.xcassets */ = {isa = PBXFileReference; lastKnownFileType = folder.assetcatalog; path = Assets.xcassets; sourceTree = "<group>"; };
		7A38ECFD1EDE3D430084ADEA /* Base */ = {isa = PBXFileReference; lastKnownFileType = file.storyboard; name = Base; path = Base.lproj/LaunchScreen.storyboard; sourceTree = "<group>"; };
		7A38ECFF1EDE3D430084ADEA /* Info.plist */ = {isa = PBXFileReference; lastKnownFileType = text.plist.xml; path = Info.plist; sourceTree = "<group>"; };
/* End PBXFileReference section */

/* Begin PBXFrameworksBuildPhase section */
		7A38ECED1EDE3D430084ADEA /* Frameworks */ = {
			isa = PBXFrameworksBuildPhase;
			buildActionMask = 2147483647;
			files = (
			);
			runOnlyForDeploymentPostprocessing = 0;
		};
/* End PBXFrameworksBuildPhase section */

/* Begin PBXGroup section */
		7A38ECE71EDE3D430084ADEA = {
			isa = PBXGroup;
			children = (
				7A38ECF21EDE3D430084ADEA /* sampleMaruBatsuQuiz */,
				7A38ECF11EDE3D430084ADEA /* Products */,
			);
			sourceTree = "<group>";
		};
		7A38ECF11EDE3D430084ADEA /* Products */ = {
			isa = PBXGroup;
			children = (
				7A38ECF01EDE3D430084ADEA /* sampleMaruBatsuQuiz.app */,
			);
			name = Products;
			sourceTree = "<group>";
		};
		7A38ECF21EDE3D430084ADEA /* sampleMaruBatsuQuiz */ = {
			isa = PBXGroup;
			children = (
				7A38ECF31EDE3D430084ADEA /* AppDelegate.swift */,
				7A38ECF51EDE3D430084ADEA /* ViewController.swift */,
				7A38ECF71EDE3D430084ADEA /* Main.storyboard */,
				7A38ECFA1EDE3D430084ADEA /* Assets.xcassets */,
				7A38ECFC1EDE3D430084ADEA /* LaunchScreen.storyboard */,
				7A38ECFF1EDE3D430084ADEA /* Info.plist */,
			);
			path = sampleMaruBatsuQuiz;
			sourceTree = "<group>";
		};
/* End PBXGroup section */

/* Begin PBXNativeTarget section */
		7A38ECEF1EDE3D430084ADEA /* sampleMaruBatsuQuiz */ = {
			isa = PBXNativeTarget;
			buildConfigurationList = 7A38ED021EDE3D430084ADEA /* Build configuration list for PBXNativeTarget "sampleMaruBatsuQuiz" */;
			buildPhases = (
				7A38ECEC1EDE3D430084ADEA /* Sources */,
				7A38ECED1EDE3D430084ADEA /* Frameworks */,
				7A38ECEE1EDE3D430084ADEA /* Resources */,
			);
			buildRules = (
			);
			dependencies = (
			);
			name = sampleMaruBatsuQuiz;
			productName = sampleMaruBatsuQuiz;
			productReference = 7A38ECF01EDE3D430084ADEA /* sampleMaruBatsuQuiz.app */;
			productType = "com.apple.product-type.application";
		};
/* End PBXNativeTarget section */

/* Begin PBXProject section */
		7A38ECE81EDE3D430084ADEA /* Project object */ = {
			isa = PBXProject;
			attributes = {
				LastSwiftUpdateCheck = 0820;
				LastUpgradeCheck = 0820;
				ORGANIZATIONNAME = "Muneharu Onoue";
				TargetAttributes = {
					7A38ECEF1EDE3D430084ADEA = {
						CreatedOnToolsVersion = 8.2.1;
						DevelopmentTeam = 9F3KC5MR2C;
						ProvisioningStyle = Automatic;
					};
				};
			};
			buildConfigurationList = 7A38ECEB1EDE3D430084ADEA /* Build configuration list for PBXProject "sampleMaruBatsuQuiz" */;
			compatibilityVersion = "Xcode 3.2";
			developmentRegion = English;
			hasScannedForEncodings = 0;
			knownRegions = (
				en,
				Base,
			);
			mainGroup = 7A38ECE71EDE3D430084ADEA;
			productRefGroup = 7A38ECF11EDE3D430084ADEA /* Products */;
			projectDirPath = "";
			projectRoot = "";
			targets = (
				7A38ECEF1EDE3D430084ADEA /* sampleMaruBatsuQuiz */,
			);
		};
/* End PBXProject section */

/* Begin PBXResourcesBuildPhase section */
		7A38ECEE1EDE3D430084ADEA /* Resources */ = {
			isa = PBXResourcesBuildPhase;
			buildActionMask = 2147483647;
			files = (
				7A38ECFE1EDE3D430084ADEA /* LaunchScreen.storyboard in Resources */,
				7A38ECFB1EDE3D430084ADEA /* Assets.xcassets in Resources */,
				7A38ECF91EDE3D430084ADEA /* Main.storyboard in Resources */,
			);
			runOnlyForDeploymentPostprocessing = 0;
		};
/* End PBXResourcesBuildPhase section */

/* Begin PBXSourcesBuildPhase section */
		7A38ECEC1EDE3D430084ADEA /* Sources */ = {
			isa = PBXSourcesBuildPhase;
			buildActionMask = 2147483647;
			files = (
				7A38ECF61EDE3D430084ADEA /* ViewController.swift in Sources */,
				7A38ECF41EDE3D430084ADEA /* AppDelegate.swift in Sources */,
			);
			runOnlyForDeploymentPostprocessing = 0;
		};
/* End PBXSourcesBuildPhase section */

/* Begin PBXVariantGroup section */
		7A38ECF71EDE3D430084ADEA /* Main.storyboard */ = {
			isa = PBXVariantGroup;
			children = (
				7A38ECF81EDE3D430084ADEA /* Base */,
			);
			name = Main.storyboard;
			sourceTree = "<group>";
		};
		7A38ECFC1EDE3D430084ADEA /* LaunchScreen.storyboard */ = {
			isa = PBXVariantGroup;
			children = (
				7A38ECFD1EDE3D430084ADEA /* Base */,
			);
			name = LaunchScreen.storyboard;
			sourceTree = "<group>";
		};
/* End PBXVariantGroup section */

/* Begin XCBuildConfiguration section */
		7A38ED001EDE3D430084ADEA /* Debug */ = {
			isa = XCBuildConfiguration;
			buildSettings = {
				ALWAYS_SEARCH_USER_PATHS = NO;
				CLANG_ANALYZER_NONNULL = YES;
				CLANG_CXX_LANGUAGE_STANDARD = "gnu++0x";
				CLANG_CXX_LIBRARY = "libc++";
				CLANG_ENABLE_MODULES = YES;
				CLANG_ENABLE_OBJC_ARC = YES;
				CLANG_WARN_BOOL_CONVERSION = YES;
				CLANG_WARN_CONSTANT_CONVERSION = YES;
				CLANG_WARN_DIRECT_OBJC_ISA_USAGE = YES_ERROR;
				CLANG_WARN_DOCUMENTATION_COMMENTS = YES;
				CLANG_WARN_EMPTY_BODY = YES;
				CLANG_WARN_ENUM_CONVERSION = YES;
				CLANG_WARN_INFINITE_RECURSION = YES;
				CLANG_WARN_INT_CONVERSION = YES;
				CLANG_WARN_OBJC_ROOT_CLASS = YES_ERROR;
				CLANG_WARN_SUSPICIOUS_MOVE = YES;
				CLANG_WARN_UNREACHABLE_CODE = YES;
				CLANG_WARN__DUPLICATE_METHOD_MATCH = YES;
				"CODE_SIGN_IDENTITY[sdk=iphoneos*]" = "iPhone Developer";
				COPY_PHASE_STRIP = NO;
				DEBUG_INFORMATION_FORMAT = dwarf;
				ENABLE_STRICT_OBJC_MSGSEND = YES;
				ENABLE_TESTABILITY = YES;
				GCC_C_LANGUAGE_STANDARD = gnu99;
				GCC_DYNAMIC_NO_PIC = NO;
				GCC_NO_COMMON_BLOCKS = YES;
				GCC_OPTIMIZATION_LEVEL = 0;
				GCC_PREPROCESSOR_DEFINITIONS = (
					"DEBUG=1",
					"$(inherited)",
				);
				GCC_WARN_64_TO_32_BIT_CONVERSION = YES;
				GCC_WARN_ABOUT_RETURN_TYPE = YES_ERROR;
				GCC_WARN_UNDECLARED_SELECTOR = YES;
				GCC_WARN_UNINITIALIZED_AUTOS = YES_AGGRESSIVE;
				GCC_WARN_UNUSED_FUNCTION = YES;
				GCC_WARN_UNUSED_VARIABLE = YES;
				IPHONEOS_DEPLOYMENT_TARGET = 10.2;
				MTL_ENABLE_DEBUG_INFO = YES;
				ONLY_ACTIVE_ARCH = YES;
				SDKROOT = iphoneos;
				SWIFT_ACTIVE_COMPILATION_CONDITIONS = DEBUG;
				SWIFT_OPTIMIZATION_LEVEL = "-Onone";
			};
			name = Debug;
		};
		7A38ED011EDE3D430084ADEA /* Release */ = {
			isa = XCBuildConfiguration;
			buildSettings = {
				ALWAYS_SEARCH_USER_PATHS = NO;
				CLANG_ANALYZER_NONNULL = YES;
				CLANG_CXX_LANGUAGE_STANDARD = "gnu++0x";
				CLANG_CXX_LIBRARY = "libc++";
				CLANG_ENABLE_MODULES = YES;
				CLANG_ENABLE_OBJC_ARC = YES;
				CLANG_WARN_BOOL_CONVERSION = YES;
				CLANG_WARN_CONSTANT_CONVERSION = YES;
				CLANG_WARN_DIRECT_OBJC_ISA_USAGE = YES_ERROR;
				CLANG_WARN_DOCUMENTATION_COMMENTS = YES;
				CLANG_WARN_EMPTY_BODY = YES;
				CLANG_WARN_ENUM_CONVERSION = YES;
				CLANG_WARN_INFINITE_RECURSION = YES;
				CLANG_WARN_INT_CONVERSION = YES;
				CLANG_WARN_OBJC_ROOT_CLASS = YES_ERROR;
				CLANG_WARN_SUSPICIOUS_MOVE = YES;
				CLANG_WARN_UNREACHABLE_CODE = YES;
				CLANG_WARN__DUPLICATE_METHOD_MATCH = YES;
				"CODE_SIGN_IDENTITY[sdk=iphoneos*]" = "iPhone Developer";
				COPY_PHASE_STRIP = NO;
				DEBUG_INFORMATION_FORMAT = "dwarf-with-dsym";
				ENABLE_NS_ASSERTIONS = NO;
				ENABLE_STRICT_OBJC_MSGSEND = YES;
				GCC_C_LANGUAGE_STANDARD = gnu99;
				GCC_NO_COMMON_BLOCKS = YES;
				GCC_WARN_64_TO_32_BIT_CONVERSION = YES;
				GCC_WARN_ABOUT_RETURN_TYPE = YES_ERROR;
				GCC_WARN_UNDECLARED_SELECTOR = YES;
				GCC_WARN_UNINITIALIZED_AUTOS = YES_AGGRESSIVE;
				GCC_WARN_UNUSED_FUNCTION = YES;
				GCC_WARN_UNUSED_VARIABLE = YES;
				IPHONEOS_DEPLOYMENT_TARGET = 10.2;
				MTL_ENABLE_DEBUG_INFO = NO;
				SDKROOT = iphoneos;
				SWIFT_OPTIMIZATION_LEVEL = "-Owholemodule";
				VALIDATE_PRODUCT = YES;
			};
			name = Release;
		};
		7A38ED031EDE3D430084ADEA /* Debug */ = {
			isa = XCBuildConfiguration;
			buildSettings = {
				ASSETCATALOG_COMPILER_APPICON_NAME = AppIcon;
				DEVELOPMENT_TEAM = 9F3KC5MR2C;
				INFOPLIST_FILE = sampleMaruBatsuQuiz/Info.plist;
				LD_RUNPATH_SEARCH_PATHS = "$(inherited) @executable_path/Frameworks";
				PRODUCT_BUNDLE_IDENTIFIER = com.geelive.sampleMaruBatsuQuiz;
				PRODUCT_NAME = "$(TARGET_NAME)";
				SWIFT_VERSION = 3.0;
			};
			name = Debug;
		};
		7A38ED041EDE3D430084ADEA /* Release */ = {
			isa = XCBuildConfiguration;
			buildSettings = {
				ASSETCATALOG_COMPILER_APPICON_NAME = AppIcon;
				DEVELOPMENT_TEAM = 9F3KC5MR2C;
				INFOPLIST_FILE = sampleMaruBatsuQuiz/Info.plist;
				LD_RUNPATH_SEARCH_PATHS = "$(inherited) @executable_path/Frameworks";
				PRODUCT_BUNDLE_IDENTIFIER = com.geelive.sampleMaruBatsuQuiz;
				PRODUCT_NAME = "$(TARGET_NAME)";
				SWIFT_VERSION = 3.0;
			};
			name = Release;
		};
/* End XCBuildConfiguration section */

/* Begin XCConfigurationList section */
		7A38ECEB1EDE3D430084ADEA /* Build configuration list for PBXProject "sampleMaruBatsuQuiz" */ = {
			isa = XCConfigurationList;
			buildConfigurations = (
				7A38ED001EDE3D430084ADEA /* Debug */,
				7A38ED011EDE3D430084ADEA /* Release */,
			);
			defaultConfigurationIsVisible = 0;
			defaultConfigurationName = Release;
		};
		7A38ED021EDE3D430084ADEA /* Build configuration list for PBXNativeTarget "sampleMaruBatsuQuiz" */ = {
			isa = XCConfigurationList;
			buildConfigurations = (
				7A38ED031EDE3D430084ADEA /* Debug */,
				7A38ED041EDE3D430084ADEA /* Release */,
			);
			defaultConfigurationIsVisible = 0;
		};
/* End XCConfigurationList section */
	};
	rootObject = 7A38ECE81EDE3D430084ADEA /* Project object */;
}
